
Microsoft Visual Studio Solution File, Format Version 12.00
# Visual Studio Version 16
VisualStudioVersion = 16.0.29806.167
MinimumVisualStudioVersion = 10.0.40219.1
Project("{FAE04EC0-301F-11D3-BF4B-00C04F79EFBC}") = "HNN", "HNN\HNN.csproj", "{AD0479AC-1832-467C-8F8B-DCF832F7A88B}"
EndProject
Global
	GlobalSection(SolutionConfigurationPlatforms) = preSolution
		Debug|Any CPU = Debug|Any CPU
		Release|Any CPU = Release|Any CPU
	EndGlobalSection
	GlobalSection(ProjectConfigurationPlatforms) = postSolution
		{AD0479AC-1832-467C-8F8B-DCF832F7A88B}.Debug|Any CPU.ActiveCfg = Debug|Any CPU
		{AD0479AC-1832-467C-8F8B-DCF832F7A88B}.Debug|Any CPU.Build.0 = Debug|Any CPU
		{AD0479AC-1832-467C-8F8B-DCF832F7A88B}.Release|Any CPU.ActiveCfg = Release|Any CPU
		{AD0479AC-1832-467C-8F8B-DCF832F7A88B}.Release|Any CPU.Build.0 = Release|Any CPU
	EndGlobalSection
	GlobalSection(SolutionProperties) = preSolution
		HideSolutionNode = FALSE
	EndGlobalSection
	GlobalSection(ExtensibilityGlobals) = postSolution
		SolutionGuid = {6F503C6C-7C25-408C-AC6A-916A1D6C7E6D}
	EndGlobalSection
EndGlobal
